
Microsoft Visual Studio Solution File, Format Version 12.00
# Visual Studio 15
VisualStudioVersion = 15.0.26730.12
MinimumVisualStudioVersion = 10.0.40219.1
Project("{FAE04EC0-301F-11D3-BF4B-00C04F79EFBC}") = "ProfilesDemo.Android", "ProfilesDemo\ProfilesDemo.Android\ProfilesDemo.Android.csproj", "{E7062FCA-B694-4CE4-8DFF-25554F56F74F}"
EndProject
Project("{FAE04EC0-301F-11D3-BF4B-00C04F79EFBC}") = "ProfilesDemo.iOS", "ProfilesDemo\ProfilesDemo.iOS\ProfilesDemo.iOS.csproj", "{7D922ED7-7AFE-41F6-962D-FF93B3E2D9BB}"
EndProject
Project("{FAE04EC0-301F-11D3-BF4B-00C04F79EFBC}") = "NetStandardLibrary", "NetStandardLibrary\NetStandardLibrary.csproj", "{55D29F04-83F0-470F-B3BD-F669017AAF5C}"
EndProject
Global
	GlobalSection(SolutionConfigurationPlatforms) = preSolution
		Ad-Hoc|Any CPU = Ad-Hoc|Any CPU
		Ad-Hoc|ARM = Ad-Hoc|ARM
		Ad-Hoc|iPhone = Ad-Hoc|iPhone
		Ad-Hoc|iPhoneSimulator = Ad-Hoc|iPhoneSimulator
		Ad-Hoc|x64 = Ad-Hoc|x64
		Ad-Hoc|x86 = Ad-Hoc|x86
		AppStore|Any CPU = AppStore|Any CPU
		AppStore|ARM = AppStore|ARM
		AppStore|iPhone = AppStore|iPhone
		AppStore|iPhoneSimulator = AppStore|iPhoneSimulator
		AppStore|x64 = AppStore|x64
		AppStore|x86 = AppStore|x86
		Debug|Any CPU = Debug|Any CPU
		Debug|ARM = Debug|ARM
		Debug|iPhone = Debug|iPhone
		Debug|iPhoneSimulator = Debug|iPhoneSimulator
		Debug|x64 = Debug|x64
		Debug|x86 = Debug|x86
		Release|Any CPU = Release|Any CPU
		Release|ARM = Release|ARM
		Release|iPhone = Release|iPhone
		Release|iPhoneSimulator = Release|iPhoneSimulator
		Release|x64 = Release|x64
		Release|x86 = Release|x86
	EndGlobalSection
	GlobalSection(ProjectConfigurationPlatforms) = postSolution
		{E7062FCA-B694-4CE4-8DFF-25554F56F74F}.Ad-Hoc|Any CPU.ActiveCfg = Release|Any CPU
		{E7062FCA-B694-4CE4-8DFF-25554F56F74F}.Ad-Hoc|Any CPU.Build.0 = Release|Any CPU
		{E7062FCA-B694-4CE4-8DFF-25554F56F74F}.Ad-Hoc|Any CPU.Deploy.0 = Release|Any CPU
		{E7062FCA-B694-4CE4-8DFF-25554F56F74F}.Ad-Hoc|ARM.ActiveCfg = Release|Any CPU
		{E7062FCA-B694-4CE4-8DFF-25554F56F74F}.Ad-Hoc|ARM.Build.0 = Release|Any CPU
		{E7062FCA-B694-4CE4-8DFF-25554F56F74F}.Ad-Hoc|ARM.Deploy.0 = Release|Any CPU
		{E7062FCA-B694-4CE4-8DFF-25554F56F74F}.Ad-Hoc|iPhone.ActiveCfg = Release|Any CPU
		{E7062FCA-B694-4CE4-8DFF-25554F56F74F}.Ad-Hoc|iPhone.Build.0 = Release|Any CPU
		{E7062FCA-B694-4CE4-8DFF-25554F56F74F}.Ad-Hoc|iPhone.Deploy.0 = Release|Any CPU
		{E7062FCA-B694-4CE4-8DFF-25554F56F74F}.Ad-Hoc|iPhoneSimulator.ActiveCfg = Release|Any CPU
		{E7062FCA-B694-4CE4-8DFF-25554F56F74F}.Ad-Hoc|iPhoneSimulator.Build.0 = Release|Any CPU
		{E7062FCA-B694-4CE4-8DFF-25554F56F74F}.Ad-Hoc|iPhoneSimulator.Deploy.0 = Release|Any CPU
		{E7062FCA-B694-4CE4-8DFF-25554F56F74F}.Ad-Hoc|x64.ActiveCfg = Release|Any CPU
		{E7062FCA-B694-4CE4-8DFF-25554F56F74F}.Ad-Hoc|x64.Build.0 = Release|Any CPU
		{E7062FCA-B694-4CE4-8DFF-25554F56F74F}.Ad-Hoc|x64.Deploy.0 = Release|Any CPU
		{E7062FCA-B694-4CE4-8DFF-25554F56F74F}.Ad-Hoc|x86.ActiveCfg = Release|Any CPU
		{E7062FCA-B694-4CE4-8DFF-25554F56F74F}.Ad-Hoc|x86.Build.0 = Release|Any CPU
		{E7062FCA-B694-4CE4-8DFF-25554F56F74F}.Ad-Hoc|x86.Deploy.0 = Release|Any CPU
		{E7062FCA-B694-4CE4-8DFF-25554F56F74F}.AppStore|Any CPU.ActiveCfg = Release|Any CPU
		{E7062FCA-B694-4CE4-8DFF-25554F56F74F}.AppStore|Any CPU.Build.0 = Release|Any CPU
		{E7062FCA-B694-4CE4-8DFF-25554F56F74F}.AppStore|Any CPU.Deploy.0 = Release|Any CPU
		{E7062FCA-B694-4CE4-8DFF-25554F56F74F}.AppStore|ARM.ActiveCfg = Release|Any CPU
		{E7062FCA-B694-4CE4-8DFF-25554F56F74F}.AppStore|ARM.Build.0 = Release|Any CPU
		{E7062FCA-B694-4CE4-8DFF-25554F56F74F}.AppStore|ARM.Deploy.0 = Release|Any CPU
		{E7062FCA-B694-4CE4-8DFF-25554F56F74F}.AppStore|iPhone.ActiveCfg = Release|Any CPU
		{E7062FCA-B694-4CE4-8DFF-25554F56F74F}.AppStore|iPhone.Build.0 = Release|Any CPU
		{E7062FCA-B694-4CE4-8DFF-25554F56F74F}.AppStore|iPhone.Deploy.0 = Release|Any CPU
		{E7062FCA-B694-4CE4-8DFF-25554F56F74F}.AppStore|iPhoneSimulator.ActiveCfg = Release|Any CPU
		{E7062FCA-B694-4CE4-8DFF-25554F56F74F}.AppStore|iPhoneSimulator.Build.0 = Release|Any CPU
		{E7062FCA-B694-4CE4-8DFF-25554F56F74F}.AppStore|iPhoneSimulator.Deploy.0 = Release|Any CPU
		{E7062FCA-B694-4CE4-8DFF-25554F56F74F}.AppStore|x64.ActiveCfg = Release|Any CPU
		{E7062FCA-B694-4CE4-8DFF-25554F56F74F}.AppStore|x64.Build.0 = Release|Any CPU
		{E7062FCA-B694-4CE4-8DFF-25554F56F74F}.AppStore|x64.Deploy.0 = Release|Any CPU
		{E7062FCA-B694-4CE4-8DFF-25554F56F74F}.AppStore|x86.ActiveCfg = Release|Any CPU
		{E7062FCA-B694-4CE4-8DFF-25554F56F74F}.AppStore|x86.Build.0 = Release|Any CPU
		{E7062FCA-B694-4CE4-8DFF-25554F56F74F}.AppStore|x86.Deploy.0 = Release|Any CPU
		{E7062FCA-B694-4CE4-8DFF-25554F56F74F}.Debug|Any CPU.ActiveCfg = Debug|Any CPU
		{E7062FCA-B694-4CE4-8DFF-25554F56F74F}.Debug|Any CPU.Build.0 = Debug|Any CPU
		{E7062FCA-B694-4CE4-8DFF-25554F56F74F}.Debug|Any CPU.Deploy.0 = Debug|Any CPU
		{E7062FCA-B694-4CE4-8DFF-25554F56F74F}.Debug|ARM.ActiveCfg = Debug|Any CPU
		{E7062FCA-B694-4CE4-8DFF-25554F56F74F}.Debug|ARM.Build.0 = Debug|Any CPU
		{E7062FCA-B694-4CE4-8DFF-25554F56F74F}.Debug|ARM.Deploy.0 = Debug|Any CPU
		{E7062FCA-B694-4CE4-8DFF-25554F56F74F}.Debug|iPhone.ActiveCfg = Debug|Any CPU
		{E7062FCA-B694-4CE4-8DFF-25554F56F74F}.Debug|iPhone.Build.0 = Debug|Any CPU
		{E7062FCA-B694-4CE4-8DFF-25554F56F74F}.Debug|iPhone.Deploy.0 = Debug|Any CPU
		{E7062FCA-B694-4CE4-8DFF-25554F56F74F}.Debug|iPhoneSimulator.ActiveCfg = Debug|Any CPU
		{E7062FCA-B694-4CE4-8DFF-25554F56F74F}.Debug|iPhoneSimulator.Build.0 = Debug|Any CPU
		{E7062FCA-B694-4CE4-8DFF-25554F56F74F}.Debug|iPhoneSimulator.Deploy.0 = Debug|Any CPU
		{E7062FCA-B694-4CE4-8DFF-25554F56F74F}.Debug|x64.ActiveCfg = Debug|Any CPU
		{E7062FCA-B694-4CE4-8DFF-25554F56F74F}.Debug|x64.Build.0 = Debug|Any CPU
		{E7062FCA-B694-4CE4-8DFF-25554F56F74F}.Debug|x64.Deploy.0 = Debug|Any CPU
		{E7062FCA-B694-4CE4-8DFF-25554F56F74F}.Debug|x86.ActiveCfg = Debug|Any CPU
		{E7062FCA-B694-4CE4-8DFF-25554F56F74F}.Debug|x86.Build.0 = Debug|Any CPU
		{E7062FCA-B694-4CE4-8DFF-25554F56F74F}.Debug|x86.Deploy.0 = Debug|Any CPU
		{E7062FCA-B694-4CE4-8DFF-25554F56F74F}.Release|Any CPU.ActiveCfg = Release|Any CPU
		{E7062FCA-B694-4CE4-8DFF-25554F56F74F}.Release|Any CPU.Build.0 = Release|Any CPU
		{E7062FCA-B694-4CE4-8DFF-25554F56F74F}.Release|Any CPU.Deploy.0 = Release|Any CPU
		{E7062FCA-B694-4CE4-8DFF-25554F56F74F}.Release|ARM.ActiveCfg = Release|Any CPU
		{E7062FCA-B694-4CE4-8DFF-25554F56F74F}.Release|ARM.Build.0 = Release|Any CPU
		{E7062FCA-B694-4CE4-8DFF-25554F56F74F}.Release|ARM.Deploy.0 = Release|Any CPU
		{E7062FCA-B694-4CE4-8DFF-25554F56F74F}.Release|iPhone.ActiveCfg = Release|Any CPU
		{E7062FCA-B694-4CE4-8DFF-25554F56F74F}.Release|iPhone.Build.0 = Release|Any CPU
		{E7062FCA-B694-4CE4-8DFF-25554F56F74F}.Release|iPhone.Deploy.0 = Release|Any CPU
		{E7062FCA-B694-4CE4-8DFF-25554F56F74F}.Release|iPhoneSimulator.ActiveCfg = Release|Any CPU
		{E7062FCA-B694-4CE4-8DFF-25554F56F74F}.Release|iPhoneSimulator.Build.0 = Release|Any CPU
		{E7062FCA-B694-4CE4-8DFF-25554F56F74F}.Release|iPhoneSimulator.Deploy.0 = Release|Any CPU
		{E7062FCA-B694-4CE4-8DFF-25554F56F74F}.Release|x64.ActiveCfg = Release|Any CPU
		{E7062FCA-B694-4CE4-8DFF-25554F56F74F}.Release|x64.Build.0 = Release|Any CPU
		{E7062FCA-B694-4CE4-8DFF-25554F56F74F}.Release|x64.Deploy.0 = Release|Any CPU
		{E7062FCA-B694-4CE4-8DFF-25554F56F74F}.Release|x86.ActiveCfg = Release|Any CPU
		{E7062FCA-B694-4CE4-8DFF-25554F56F74F}.Release|x86.Build.0 = Release|Any CPU
		{E7062FCA-B694-4CE4-8DFF-25554F56F74F}.Release|x86.Deploy.0 = Release|Any CPU
		{7D922ED7-7AFE-41F6-962D-FF93B3E2D9BB}.Ad-Hoc|Any CPU.ActiveCfg = Ad-Hoc|iPhone
		{7D922ED7-7AFE-41F6-962D-FF93B3E2D9BB}.Ad-Hoc|ARM.ActiveCfg = Ad-Hoc|iPhone
		{7D922ED7-7AFE-41F6-962D-FF93B3E2D9BB}.Ad-Hoc|iPhone.ActiveCfg = Ad-Hoc|iPhone
		{7D922ED7-7AFE-41F6-962D-FF93B3E2D9BB}.Ad-Hoc|iPhone.Build.0 = Ad-Hoc|iPhone
		{7D922ED7-7AFE-41F6-962D-FF93B3E2D9BB}.Ad-Hoc|iPhoneSimulator.ActiveCfg = Ad-Hoc|iPhoneSimulator
		{7D922ED7-7AFE-41F6-962D-FF93B3E2D9BB}.Ad-Hoc|iPhoneSimulator.Build.0 = Ad-Hoc|iPhoneSimulator
		{7D922ED7-7AFE-41F6-962D-FF93B3E2D9BB}.Ad-Hoc|x64.ActiveCfg = Ad-Hoc|iPhone
		{7D922ED7-7AFE-41F6-962D-FF93B3E2D9BB}.Ad-Hoc|x86.ActiveCfg = Ad-Hoc|iPhone
		{7D922ED7-7AFE-41F6-962D-FF93B3E2D9BB}.AppStore|Any CPU.ActiveCfg = AppStore|iPhone
		{7D922ED7-7AFE-41F6-962D-FF93B3E2D9BB}.AppStore|ARM.ActiveCfg = AppStore|iPhone
		{7D922ED7-7AFE-41F6-962D-FF93B3E2D9BB}.AppStore|iPhone.ActiveCfg = AppStore|iPhone
		{7D922ED7-7AFE-41F6-962D-FF93B3E2D9BB}.AppStore|iPhone.Build.0 = AppStore|iPhone
		{7D922ED7-7AFE-41F6-962D-FF93B3E2D9BB}.AppStore|iPhoneSimulator.ActiveCfg = AppStore|iPhoneSimulator
		{7D922ED7-7AFE-41F6-962D-FF93B3E2D9BB}.AppStore|iPhoneSimulator.Build.0 = AppStore|iPhoneSimulator
		{7D922ED7-7AFE-41F6-962D-FF93B3E2D9BB}.AppStore|x64.ActiveCfg = AppStore|iPhone
		{7D922ED7-7AFE-41F6-962D-FF93B3E2D9BB}.AppStore|x86.ActiveCfg = AppStore|iPhone
		{7D922ED7-7AFE-41F6-962D-FF93B3E2D9BB}.Debug|Any CPU.ActiveCfg = Debug|iPhone
		{7D922ED7-7AFE-41F6-962D-FF93B3E2D9BB}.Debug|ARM.ActiveCfg = Debug|iPhone
		{7D922ED7-7AFE-41F6-962D-FF93B3E2D9BB}.Debug|iPhone.ActiveCfg = Debug|iPhone
		{7D922ED7-7AFE-41F6-962D-FF93B3E2D9BB}.Debug|iPhone.Build.0 = Debug|iPhone
		{7D922ED7-7AFE-41F6-962D-FF93B3E2D9BB}.Debug|iPhoneSimulator.ActiveCfg = Debug|iPhoneSimulator
		{7D922ED7-7AFE-41F6-962D-FF93B3E2D9BB}.Debug|iPhoneSimulator.Build.0 = Debug|iPhoneSimulator
		{7D922ED7-7AFE-41F6-962D-FF93B3E2D9BB}.Debug|x64.ActiveCfg = Debug|iPhone
		{7D922ED7-7AFE-41F6-962D-FF93B3E2D9BB}.Debug|x86.ActiveCfg = Debug|iPhone
		{7D922ED7-7AFE-41F6-962D-FF93B3E2D9BB}.Release|Any CPU.ActiveCfg = Release|iPhone
		{7D922ED7-7AFE-41F6-962D-FF93B3E2D9BB}.Release|ARM.ActiveCfg = Release|iPhone
		{7D922ED7-7AFE-41F6-962D-FF93B3E2D9BB}.Release|iPhone.ActiveCfg = Release|iPhone
		{7D922ED7-7AFE-41F6-962D-FF93B3E2D9BB}.Release|iPhone.Build.0 = Release|iPhone
		{7D922ED7-7AFE-41F6-962D-FF93B3E2D9BB}.Release|iPhoneSimulator.ActiveCfg = Release|iPhoneSimulator
		{7D922ED7-7AFE-41F6-962D-FF93B3E2D9BB}.Release|iPhoneSimulator.Build.0 = Release|iPhoneSimulator
		{7D922ED7-7AFE-41F6-962D-FF93B3E2D9BB}.Release|x64.ActiveCfg = Release|iPhone
		{7D922ED7-7AFE-41F6-962D-FF93B3E2D9BB}.Release|x86.ActiveCfg = Release|iPhone
		{55D29F04-83F0-470F-B3BD-F669017AAF5C}.Ad-Hoc|Any CPU.ActiveCfg = Debug|Any CPU
		{55D29F04-83F0-470F-B3BD-F669017AAF5C}.Ad-Hoc|Any CPU.Build.0 = Debug|Any CPU
		{55D29F04-83F0-470F-B3BD-F669017AAF5C}.Ad-Hoc|ARM.ActiveCfg = Debug|Any CPU
		{55D29F04-83F0-470F-B3BD-F669017AAF5C}.Ad-Hoc|ARM.Build.0 = Debug|Any CPU
		{55D29F04-83F0-470F-B3BD-F669017AAF5C}.Ad-Hoc|iPhone.ActiveCfg = Debug|Any CPU
		{55D29F04-83F0-470F-B3BD-F669017AAF5C}.Ad-Hoc|iPhone.Build.0 = Debug|Any CPU
		{55D29F04-83F0-470F-B3BD-F669017AAF5C}.Ad-Hoc|iPhoneSimulator.ActiveCfg = Debug|Any CPU
		{55D29F04-83F0-470F-B3BD-F669017AAF5C}.Ad-Hoc|iPhoneSimulator.Build.0 = Debug|Any CPU
		{55D29F04-83F0-470F-B3BD-F669017AAF5C}.Ad-Hoc|x64.ActiveCfg = Debug|Any CPU
		{55D29F04-83F0-470F-B3BD-F669017AAF5C}.Ad-Hoc|x64.Build.0 = Debug|Any CPU
		{55D29F04-83F0-470F-B3BD-F669017AAF5C}.Ad-Hoc|x86.ActiveCfg = Debug|Any CPU
		{55D29F04-83F0-470F-B3BD-F669017AAF5C}.Ad-Hoc|x86.Build.0 = Debug|Any CPU
		{55D29F04-83F0-470F-B3BD-F669017AAF5C}.AppStore|Any CPU.ActiveCfg = Debug|Any CPU
		{55D29F04-83F0-470F-B3BD-F669017AAF5C}.AppStore|Any CPU.Build.0 = Debug|Any CPU
		{55D29F04-83F0-470F-B3BD-F669017AAF5C}.AppStore|ARM.ActiveCfg = Debug|Any CPU
		{55D29F04-83F0-470F-B3BD-F669017AAF5C}.AppStore|ARM.Build.0 = Debug|Any CPU
		{55D29F04-83F0-470F-B3BD-F669017AAF5C}.AppStore|iPhone.ActiveCfg = Debug|Any CPU
		{55D29F04-83F0-470F-B3BD-F669017AAF5C}.AppStore|iPhone.Build.0 = Debug|Any CPU
		{55D29F04-83F0-470F-B3BD-F669017AAF5C}.AppStore|iPhoneSimulator.ActiveCfg = Debug|Any CPU
		{55D29F04-83F0-470F-B3BD-F669017AAF5C}.AppStore|iPhoneSimulator.Build.0 = Debug|Any CPU
		{55D29F04-83F0-470F-B3BD-F669017AAF5C}.AppStore|x64.ActiveCfg = Debug|Any CPU
		{55D29F04-83F0-470F-B3BD-F669017AAF5C}.AppStore|x64.Build.0 = Debug|Any CPU
		{55D29F04-83F0-470F-B3BD-F669017AAF5C}.AppStore|x86.ActiveCfg = Debug|Any CPU
		{55D29F04-83F0-470F-B3BD-F669017AAF5C}.AppStore|x86.Build.0 = Debug|Any CPU
		{55D29F04-83F0-470F-B3BD-F669017AAF5C}.Debug|Any CPU.ActiveCfg = Debug|Any CPU
		{55D29F04-83F0-470F-B3BD-F669017AAF5C}.Debug|Any CPU.Build.0 = Debug|Any CPU
		{55D29F04-83F0-470F-B3BD-F669017AAF5C}.Debug|ARM.ActiveCfg = Debug|Any CPU
		{55D29F04-83F0-470F-B3BD-F669017AAF5C}.Debug|ARM.Build.0 = Debug|Any CPU
		{55D29F04-83F0-470F-B3BD-F669017AAF5C}.Debug|iPhone.ActiveCfg = Debug|Any CPU
		{55D29F04-83F0-470F-B3BD-F669017AAF5C}.Debug|iPhone.Build.0 = Debug|Any CPU
		{55D29F04-83F0-470F-B3BD-F669017AAF5C}.Debug|iPhoneSimulator.ActiveCfg = Debug|Any CPU
		{55D29F04-83F0-470F-B3BD-F669017AAF5C}.Debug|iPhoneSimulator.Build.0 = Debug|Any CPU
		{55D29F04-83F0-470F-B3BD-F669017AAF5C}.Debug|x64.ActiveCfg = Debug|Any CPU
		{55D29F04-83F0-470F-B3BD-F669017AAF5C}.Debug|x64.Build.0 = Debug|Any CPU
		{55D29F04-83F0-470F-B3BD-F669017AAF5C}.Debug|x86.ActiveCfg = Debug|Any CPU
		{55D29F04-83F0-470F-B3BD-F669017AAF5C}.Debug|x86.Build.0 = Debug|Any CPU
		{55D29F04-83F0-470F-B3BD-F669017AAF5C}.Release|Any CPU.ActiveCfg = Release|Any CPU
		{55D29F04-83F0-470F-B3BD-F669017AAF5C}.Release|Any CPU.Build.0 = Release|Any CPU
		{55D29F04-83F0-470F-B3BD-F669017AAF5C}.Release|ARM.ActiveCfg = Release|Any CPU
		{55D29F04-83F0-470F-B3BD-F669017AAF5C}.Release|ARM.Build.0 = Release|Any CPU
		{55D29F04-83F0-470F-B3BD-F669017AAF5C}.Release|iPhone.ActiveCfg = Release|Any CPU
		{55D29F04-83F0-470F-B3BD-F669017AAF5C}.Release|iPhone.Build.0 = Release|Any CPU
		{55D29F04-83F0-470F-B3BD-F669017AAF5C}.Release|iPhoneSimulator.ActiveCfg = Release|Any CPU
		{55D29F04-83F0-470F-B3BD-F669017AAF5C}.Release|iPhoneSimulator.Build.0 = Release|Any CPU
		{55D29F04-83F0-470F-B3BD-F669017AAF5C}.Release|x64.ActiveCfg = Release|Any CPU
		{55D29F04-83F0-470F-B3BD-F669017AAF5C}.Release|x64.Build.0 = Release|Any CPU
		{55D29F04-83F0-470F-B3BD-F669017AAF5C}.Release|x86.ActiveCfg = Release|Any CPU
		{55D29F04-83F0-470F-B3BD-F669017AAF5C}.Release|x86.Build.0 = Release|Any CPU
	EndGlobalSection
	GlobalSection(SolutionProperties) = preSolution
		HideSolutionNode = FALSE
	EndGlobalSection
	GlobalSection(ExtensibilityGlobals) = postSolution
		SolutionGuid = {AA2DC79E-70E2-46AF-AA1C-E6F9C149EC40}
	EndGlobalSection
EndGlobal
